{
  "version": 4,
  "terraform_version": "1.5.7",
  "serial": 8,
  "lineage": "a3bc62d1-2d52-e5bf-277d-b94f3b9412fb",
  "outputs": {
    "logging_sink": {
      "value": "fiifi-logs-dev",
      "type": "string"
    },
    "static_assets_bucket": {
      "value": "fiifi-static-assets-dev-starter-kit-dev-473002",
      "type": "string"
    }
  },
  "resources": [
    {
      "mode": "managed",
      "type": "google_logging_project_sink",
      "name": "fiifi_logs",
      "provider": "provider[\"registry.terraform.io/hashicorp/google\"]",
      "instances": [
        {
          "schema_version": 0,
          "attributes": {
            "bigquery_options": [],
            "description": "",
            "destination": "storage.googleapis.com/fiifi-static-assets-dev-starter-kit-dev-473002",
            "disabled": false,
            "exclusions": [],
            "filter": "resource.type=\"cloud_run_revision\"",
            "id": "projects/starter-kit-dev-473002/sinks/fiifi-logs-dev",
            "name": "fiifi-logs-dev",
            "project": "starter-kit-dev-473002",
            "unique_writer_identity": false,
            "writer_identity": "serviceAccount:cloud-logs@system.gserviceaccount.com"
          },
          "sensitive_attributes": [],
          "private": "bnVsbA==",
          "dependencies": [
            "google_storage_bucket.static_assets"
          ]
        }
      ]
    },
    {
      "mode": "managed",
      "type": "google_storage_bucket",
      "name": "static_assets",
      "provider": "provider[\"registry.terraform.io/hashicorp/google\"]",
      "instances": [
        {
          "schema_version": 0,
          "attributes": {
            "autoclass": [],
            "cors": [
              {
                "max_age_seconds": 3600,
                "method": [
                  "GET",
                  "HEAD"
                ],
                "origin": [
                  "*"
                ],
                "response_header": [
                  "*"
                ]
              }
            ],
            "custom_placement_config": [],
            "default_event_based_hold": false,
            "encryption": [],
            "force_destroy": true,
            "id": "fiifi-static-assets-dev-starter-kit-dev-473002",
            "labels": {},
            "lifecycle_rule": [],
            "location": "US-CENTRAL1",
            "logging": [],
            "name": "fiifi-static-assets-dev-starter-kit-dev-473002",
            "project": "starter-kit-dev-473002",
            "public_access_prevention": "inherited",
            "requester_pays": false,
            "retention_policy": [],
            "self_link": "https://www.googleapis.com/storage/v1/b/fiifi-static-assets-dev-starter-kit-dev-473002",
            "soft_delete_policy": [
              {
                "effective_time": "2025-09-25T00:54:28.907Z",
                "retention_duration_seconds": 604800
              }
            ],
            "storage_class": "STANDARD",
            "timeouts": null,
            "uniform_bucket_level_access": true,
            "url": "gs://fiifi-static-assets-dev-starter-kit-dev-473002",
            "versioning": [],
            "website": []
          },
          "sensitive_attributes": [],
          "private": "eyJlMmJmYjczMC1lY2FhLTExZTYtOGY4OC0zNDM2M2JjN2M0YzAiOnsiY3JlYXRlIjo2MDAwMDAwMDAwMDAsInJlYWQiOjI0MDAwMDAwMDAwMCwidXBkYXRlIjoyNDAwMDAwMDAwMDB9fQ=="
        }
      ]
    }
  ],
  "check_results": null
}
